
Microsoft Visual Studio Solution File, Format Version 12.00
# Visual Studio Version 17
VisualStudioVersion = 17.4.33110.190
MinimumVisualStudioVersion = 10.0.40219.1
Project("{9A19103F-16F7-4668-BE54-9A1E7A4F7556}") = "FlightMVC", "FlightMVC\FlightMVC.csproj", "{F9C00E90-4065-44C8-9B84-C8639FC089E0}"
EndProject
Project("{FAE04EC0-301F-11D3-BF4B-00C04F79EFBC}") = "WebPagesDemo", "WebPagesDemo\WebPagesDemo.csproj", "{19FA01F3-1F24-4787-BC25-B4BB5E15345D}"
EndProject
Project("{FAE04EC0-301F-11D3-BF4B-00C04F79EFBC}") = "WebAPIControllerDemo", "WebAPIControllerDemo\WebAPIControllerDemo.csproj", "{A0C2ECCD-2446-476E-8727-0C00DFC988B7}"
EndProject
Project("{FAE04EC0-301F-11D3-BF4B-00C04F79EFBC}") = "WebAPIMinimal", "WebAPIMinimal\WebAPIMinimal.csproj", "{1B981D44-8324-469B-9F51-59B66E84E5FB}"
EndProject
Project("{FAE04EC0-301F-11D3-BF4B-00C04F79EFBC}") = "FlightMVCTest", "FlightMVCTest\FlightMVCTest.csproj", "{1B3D43C6-EDA3-4A22-9B31-8748FE401BA0}"
EndProject
Global
	GlobalSection(SolutionConfigurationPlatforms) = preSolution
		Debug|Any CPU = Debug|Any CPU
		Release|Any CPU = Release|Any CPU
	EndGlobalSection
	GlobalSection(ProjectConfigurationPlatforms) = postSolution
		{F9C00E90-4065-44C8-9B84-C8639FC089E0}.Debug|Any CPU.ActiveCfg = Debug|Any CPU
		{F9C00E90-4065-44C8-9B84-C8639FC089E0}.Debug|Any CPU.Build.0 = Debug|Any CPU
		{F9C00E90-4065-44C8-9B84-C8639FC089E0}.Release|Any CPU.ActiveCfg = Release|Any CPU
		{F9C00E90-4065-44C8-9B84-C8639FC089E0}.Release|Any CPU.Build.0 = Release|Any CPU
		{19FA01F3-1F24-4787-BC25-B4BB5E15345D}.Debug|Any CPU.ActiveCfg = Debug|Any CPU
		{19FA01F3-1F24-4787-BC25-B4BB5E15345D}.Debug|Any CPU.Build.0 = Debug|Any CPU
		{19FA01F3-1F24-4787-BC25-B4BB5E15345D}.Release|Any CPU.ActiveCfg = Release|Any CPU
		{19FA01F3-1F24-4787-BC25-B4BB5E15345D}.Release|Any CPU.Build.0 = Release|Any CPU
		{A0C2ECCD-2446-476E-8727-0C00DFC988B7}.Debug|Any CPU.ActiveCfg = Debug|Any CPU
		{A0C2ECCD-2446-476E-8727-0C00DFC988B7}.Debug|Any CPU.Build.0 = Debug|Any CPU
		{A0C2ECCD-2446-476E-8727-0C00DFC988B7}.Release|Any CPU.ActiveCfg = Release|Any CPU
		{A0C2ECCD-2446-476E-8727-0C00DFC988B7}.Release|Any CPU.Build.0 = Release|Any CPU
		{1B981D44-8324-469B-9F51-59B66E84E5FB}.Debug|Any CPU.ActiveCfg = Debug|Any CPU
		{1B981D44-8324-469B-9F51-59B66E84E5FB}.Debug|Any CPU.Build.0 = Debug|Any CPU
		{1B981D44-8324-469B-9F51-59B66E84E5FB}.Release|Any CPU.ActiveCfg = Release|Any CPU
		{1B981D44-8324-469B-9F51-59B66E84E5FB}.Release|Any CPU.Build.0 = Release|Any CPU
		{1B3D43C6-EDA3-4A22-9B31-8748FE401BA0}.Debug|Any CPU.ActiveCfg = Debug|Any CPU
		{1B3D43C6-EDA3-4A22-9B31-8748FE401BA0}.Debug|Any CPU.Build.0 = Debug|Any CPU
		{1B3D43C6-EDA3-4A22-9B31-8748FE401BA0}.Release|Any CPU.ActiveCfg = Release|Any CPU
		{1B3D43C6-EDA3-4A22-9B31-8748FE401BA0}.Release|Any CPU.Build.0 = Release|Any CPU
	EndGlobalSection
	GlobalSection(SolutionProperties) = preSolution
		HideSolutionNode = FALSE
	EndGlobalSection
	GlobalSection(ExtensibilityGlobals) = postSolution
		SolutionGuid = {E36B52AF-0209-4B4D-B7CF-5217153F4EC9}
	EndGlobalSection
EndGlobal
